
Microsoft Visual Studio Solution File, Format Version 12.00
# Visual Studio Version 17
VisualStudioVersion = 17.3.32929.385
MinimumVisualStudioVersion = 10.0.40219.1
Project("{FAE04EC0-301F-11D3-BF4B-00C04F79EFBC}") = "FP_PROBLEMESET1", "FP_PROBLEMESET1\FP_PROBLEMESET1.csproj", "{B129BDA6-E0B5-4EE5-9B9D-EAE65DA6503E}"
EndProject
Global
	GlobalSection(SolutionConfigurationPlatforms) = preSolution
		Debug|Any CPU = Debug|Any CPU
		Release|Any CPU = Release|Any CPU
	EndGlobalSection
	GlobalSection(ProjectConfigurationPlatforms) = postSolution
		{B129BDA6-E0B5-4EE5-9B9D-EAE65DA6503E}.Debug|Any CPU.ActiveCfg = Debug|Any CPU
		{B129BDA6-E0B5-4EE5-9B9D-EAE65DA6503E}.Debug|Any CPU.Build.0 = Debug|Any CPU
		{B129BDA6-E0B5-4EE5-9B9D-EAE65DA6503E}.Release|Any CPU.ActiveCfg = Release|Any CPU
		{B129BDA6-E0B5-4EE5-9B9D-EAE65DA6503E}.Release|Any CPU.Build.0 = Release|Any CPU
	EndGlobalSection
	GlobalSection(SolutionProperties) = preSolution
		HideSolutionNode = FALSE
	EndGlobalSection
	GlobalSection(ExtensibilityGlobals) = postSolution
		SolutionGuid = {8ED293E2-E03D-4F50-B8F1-BEF4FFB0635E}
	EndGlobalSection
EndGlobal
